
Microsoft Visual Studio Solution File, Format Version 12.00
# Visual Studio Version 17
VisualStudioVersion = 17.14.36310.24 d17.14
MinimumVisualStudioVersion = 10.0.40219.1
Project("{FAE04EC0-301F-11D3-BF4B-00C04F79EFBC}") = "SoilSensorTool", "SoilSensorTool.csproj", "{F832C67B-9AEF-4AAA-8065-93457BABFE9F}"
EndProject
Global
	GlobalSection(SolutionConfigurationPlatforms) = preSolution
		Debug|Any CPU = Debug|Any CPU
		Release|Any CPU = Release|Any CPU
	EndGlobalSection
	GlobalSection(ProjectConfigurationPlatforms) = postSolution
		{F832C67B-9AEF-4AAA-8065-93457BABFE9F}.Debug|Any CPU.ActiveCfg = Debug|Any CPU
		{F832C67B-9AEF-4AAA-8065-93457BABFE9F}.Debug|Any CPU.Build.0 = Debug|Any CPU
		{F832C67B-9AEF-4AAA-8065-93457BABFE9F}.Release|Any CPU.ActiveCfg = Release|Any CPU
		{F832C67B-9AEF-4AAA-8065-93457BABFE9F}.Release|Any CPU.Build.0 = Release|Any CPU
	EndGlobalSection
	GlobalSection(SolutionProperties) = preSolution
		HideSolutionNode = FALSE
	EndGlobalSection
	GlobalSection(ExtensibilityGlobals) = postSolution
		SolutionGuid = {E8383273-34F1-4FFC-A1FF-17D027EAA8D7}
	EndGlobalSection
EndGlobal
